
Microsoft Visual Studio Solution File, Format Version 12.00
# Visual Studio Version 17
VisualStudioVersion = 17.0.31912.275
MinimumVisualStudioVersion = 10.0.40219.1
Project("{2150E333-8FDC-42A3-9474-1A3956D46DE8}") = "Solution Items", "Solution Items", "{3794895D-EC8E-4DB3-BFF5-C0B367096B29}"
	ProjectSection(SolutionItems) = preProject
		.editorconfig = .editorconfig
	EndProjectSection
EndProject
Project("{9A19103F-16F7-4668-BE54-9A1E7A4F7556}") = "Shared", "src\Y2020\Shared\Shared.csproj", "{B064CD1A-C979-47BB-9AE4-CA66D1F982F3}"
EndProject
Project("{9A19103F-16F7-4668-BE54-9A1E7A4F7556}") = "Day01", "src\Y2020\Day01\Day01.csproj", "{8DAD56D0-EBF4-4603-B5C9-BE9712C990F1}"
EndProject
Project("{9A19103F-16F7-4668-BE54-9A1E7A4F7556}") = "Day02", "src\Y2020\Day02\Day02.csproj", "{F2134F35-DF88-4046-A23C-958ACC8651E3}"
EndProject
Project("{9A19103F-16F7-4668-BE54-9A1E7A4F7556}") = "Day03", "src\Y2020\Day03\Day03.csproj", "{B96F3792-E66D-48CD-9752-7C2340D1C252}"
EndProject
Project("{9A19103F-16F7-4668-BE54-9A1E7A4F7556}") = "Day04", "src\Y2020\Day04\Day04.csproj", "{EA173971-12C8-457F-A4EE-888802576B68}"
EndProject
Project("{9A19103F-16F7-4668-BE54-9A1E7A4F7556}") = "Day05", "src\Y2020\Day05\Day05.csproj", "{069F9AC7-3EBE-4138-A6DD-270E163B28BC}"
EndProject
Project("{9A19103F-16F7-4668-BE54-9A1E7A4F7556}") = "Day06", "src\Y2020\Day06\Day06.csproj", "{35C610C5-29DC-4718-BF42-0F2F6A63FD1D}"
EndProject
Project("{9A19103F-16F7-4668-BE54-9A1E7A4F7556}") = "Day07", "src\Y2020\Day07\Day07.csproj", "{17AD692F-E596-4B5B-84A5-2C4E72FB56B4}"
EndProject
Project("{9A19103F-16F7-4668-BE54-9A1E7A4F7556}") = "Day08", "src\Y2020\Day08\Day08.csproj", "{0D88B501-10F0-4FB6-954A-49F4F87830CF}"
EndProject
Project("{9A19103F-16F7-4668-BE54-9A1E7A4F7556}") = "Day09", "src\Y2020\Day09\Day09.csproj", "{25522D6E-EFF5-41B6-AD4D-E9AF02487D3D}"
EndProject
Project("{9A19103F-16F7-4668-BE54-9A1E7A4F7556}") = "Day10", "src\Y2020\Day10\Day10.csproj", "{81D3CB01-A2A9-44AD-BF5E-F321F2724257}"
EndProject
Project("{9A19103F-16F7-4668-BE54-9A1E7A4F7556}") = "Day11", "src\Y2020\Day11\Day11.csproj", "{E5BFAA54-D601-4D84-8263-2FA99E35A993}"
EndProject
Project("{9A19103F-16F7-4668-BE54-9A1E7A4F7556}") = "Day12", "src\Y2020\Day12\Day12.csproj", "{626A2E5E-2BCD-40D4-B92D-7341D81DC5DD}"
EndProject
Project("{9A19103F-16F7-4668-BE54-9A1E7A4F7556}") = "Day13", "src\Y2020\Day13\Day13.csproj", "{BC06E0F2-F609-48D4-B143-99C4C6A26B6B}"
EndProject
Project("{2150E333-8FDC-42A3-9474-1A3956D46DE8}") = "Y2020", "Y2020", "{91A739B1-AD66-4590-92DE-B68827913C0D}"
	ProjectSection(SolutionItems) = preProject
		src\Y2020\.editorconfig = src\Y2020\.editorconfig
		src\Y2020\Directory.Build.props = src\Y2020\Directory.Build.props
	EndProjectSection
EndProject
Project("{2150E333-8FDC-42A3-9474-1A3956D46DE8}") = ".github", ".github", "{021E86AA-D3A1-4DEB-B5E4-1F19C3342B9A}"
EndProject
Project("{2150E333-8FDC-42A3-9474-1A3956D46DE8}") = "workflows", "workflows", "{A8C1E20F-8E4C-45E7-B995-4725D047CF54}"
	ProjectSection(SolutionItems) = preProject
		.github\workflows\build-and-test.yml = .github\workflows\build-and-test.yml
	EndProjectSection
EndProject
Project("{2150E333-8FDC-42A3-9474-1A3956D46DE8}") = "Y2021", "Y2021", "{C96BDFFF-7873-46A3-8C65-92F1844DAD1F}"
	ProjectSection(SolutionItems) = preProject
		src\Y2021\.editorconfig = src\Y2021\.editorconfig
		src\Y2021\Directory.Build.props = src\Y2021\Directory.Build.props
	EndProjectSection
EndProject
Project("{FAE04EC0-301F-11D3-BF4B-00C04F79EFBC}") = "Shared", "src\Y2021\Shared\Shared.csproj", "{75F2BF5E-8CB5-457E-B1BA-41DB42574389}"
EndProject
Project("{FAE04EC0-301F-11D3-BF4B-00C04F79EFBC}") = "Day01", "src\Y2021\Day01\Day01.csproj", "{39BB2E4D-077F-4799-AD67-D0286E6B5CEB}"
EndProject
Global
	GlobalSection(SolutionConfigurationPlatforms) = preSolution
		Debug|Any CPU = Debug|Any CPU
		Release|Any CPU = Release|Any CPU
	EndGlobalSection
	GlobalSection(ProjectConfigurationPlatforms) = postSolution
		{B064CD1A-C979-47BB-9AE4-CA66D1F982F3}.Debug|Any CPU.ActiveCfg = Debug|Any CPU
		{B064CD1A-C979-47BB-9AE4-CA66D1F982F3}.Debug|Any CPU.Build.0 = Debug|Any CPU
		{B064CD1A-C979-47BB-9AE4-CA66D1F982F3}.Release|Any CPU.ActiveCfg = Release|Any CPU
		{B064CD1A-C979-47BB-9AE4-CA66D1F982F3}.Release|Any CPU.Build.0 = Release|Any CPU
		{8DAD56D0-EBF4-4603-B5C9-BE9712C990F1}.Debug|Any CPU.ActiveCfg = Debug|Any CPU
		{8DAD56D0-EBF4-4603-B5C9-BE9712C990F1}.Debug|Any CPU.Build.0 = Debug|Any CPU
		{8DAD56D0-EBF4-4603-B5C9-BE9712C990F1}.Release|Any CPU.ActiveCfg = Release|Any CPU
		{8DAD56D0-EBF4-4603-B5C9-BE9712C990F1}.Release|Any CPU.Build.0 = Release|Any CPU
		{F2134F35-DF88-4046-A23C-958ACC8651E3}.Debug|Any CPU.ActiveCfg = Debug|Any CPU
		{F2134F35-DF88-4046-A23C-958ACC8651E3}.Debug|Any CPU.Build.0 = Debug|Any CPU
		{F2134F35-DF88-4046-A23C-958ACC8651E3}.Release|Any CPU.ActiveCfg = Release|Any CPU
		{F2134F35-DF88-4046-A23C-958ACC8651E3}.Release|Any CPU.Build.0 = Release|Any CPU
		{B96F3792-E66D-48CD-9752-7C2340D1C252}.Debug|Any CPU.ActiveCfg = Debug|Any CPU
		{B96F3792-E66D-48CD-9752-7C2340D1C252}.Debug|Any CPU.Build.0 = Debug|Any CPU
		{B96F3792-E66D-48CD-9752-7C2340D1C252}.Release|Any CPU.ActiveCfg = Release|Any CPU
		{B96F3792-E66D-48CD-9752-7C2340D1C252}.Release|Any CPU.Build.0 = Release|Any CPU
		{EA173971-12C8-457F-A4EE-888802576B68}.Debug|Any CPU.ActiveCfg = Debug|Any CPU
		{EA173971-12C8-457F-A4EE-888802576B68}.Debug|Any CPU.Build.0 = Debug|Any CPU
		{EA173971-12C8-457F-A4EE-888802576B68}.Release|Any CPU.ActiveCfg = Release|Any CPU
		{EA173971-12C8-457F-A4EE-888802576B68}.Release|Any CPU.Build.0 = Release|Any CPU
		{069F9AC7-3EBE-4138-A6DD-270E163B28BC}.Debug|Any CPU.ActiveCfg = Debug|Any CPU
		{069F9AC7-3EBE-4138-A6DD-270E163B28BC}.Debug|Any CPU.Build.0 = Debug|Any CPU
		{069F9AC7-3EBE-4138-A6DD-270E163B28BC}.Release|Any CPU.ActiveCfg = Release|Any CPU
		{069F9AC7-3EBE-4138-A6DD-270E163B28BC}.Release|Any CPU.Build.0 = Release|Any CPU
		{35C610C5-29DC-4718-BF42-0F2F6A63FD1D}.Debug|Any CPU.ActiveCfg = Debug|Any CPU
		{35C610C5-29DC-4718-BF42-0F2F6A63FD1D}.Debug|Any CPU.Build.0 = Debug|Any CPU
		{35C610C5-29DC-4718-BF42-0F2F6A63FD1D}.Release|Any CPU.ActiveCfg = Release|Any CPU
		{35C610C5-29DC-4718-BF42-0F2F6A63FD1D}.Release|Any CPU.Build.0 = Release|Any CPU
		{17AD692F-E596-4B5B-84A5-2C4E72FB56B4}.Debug|Any CPU.ActiveCfg = Debug|Any CPU
		{17AD692F-E596-4B5B-84A5-2C4E72FB56B4}.Debug|Any CPU.Build.0 = Debug|Any CPU
		{17AD692F-E596-4B5B-84A5-2C4E72FB56B4}.Release|Any CPU.ActiveCfg = Release|Any CPU
		{17AD692F-E596-4B5B-84A5-2C4E72FB56B4}.Release|Any CPU.Build.0 = Release|Any CPU
		{0D88B501-10F0-4FB6-954A-49F4F87830CF}.Debug|Any CPU.ActiveCfg = Debug|Any CPU
		{0D88B501-10F0-4FB6-954A-49F4F87830CF}.Debug|Any CPU.Build.0 = Debug|Any CPU
		{0D88B501-10F0-4FB6-954A-49F4F87830CF}.Release|Any CPU.ActiveCfg = Release|Any CPU
		{0D88B501-10F0-4FB6-954A-49F4F87830CF}.Release|Any CPU.Build.0 = Release|Any CPU
		{25522D6E-EFF5-41B6-AD4D-E9AF02487D3D}.Debug|Any CPU.ActiveCfg = Debug|Any CPU
		{25522D6E-EFF5-41B6-AD4D-E9AF02487D3D}.Debug|Any CPU.Build.0 = Debug|Any CPU
		{25522D6E-EFF5-41B6-AD4D-E9AF02487D3D}.Release|Any CPU.ActiveCfg = Release|Any CPU
		{25522D6E-EFF5-41B6-AD4D-E9AF02487D3D}.Release|Any CPU.Build.0 = Release|Any CPU
		{81D3CB01-A2A9-44AD-BF5E-F321F2724257}.Debug|Any CPU.ActiveCfg = Debug|Any CPU
		{81D3CB01-A2A9-44AD-BF5E-F321F2724257}.Debug|Any CPU.Build.0 = Debug|Any CPU
		{81D3CB01-A2A9-44AD-BF5E-F321F2724257}.Release|Any CPU.ActiveCfg = Release|Any CPU
		{81D3CB01-A2A9-44AD-BF5E-F321F2724257}.Release|Any CPU.Build.0 = Release|Any CPU
		{E5BFAA54-D601-4D84-8263-2FA99E35A993}.Debug|Any CPU.ActiveCfg = Debug|Any CPU
		{E5BFAA54-D601-4D84-8263-2FA99E35A993}.Debug|Any CPU.Build.0 = Debug|Any CPU
		{E5BFAA54-D601-4D84-8263-2FA99E35A993}.Release|Any CPU.ActiveCfg = Release|Any CPU
		{E5BFAA54-D601-4D84-8263-2FA99E35A993}.Release|Any CPU.Build.0 = Release|Any CPU
		{626A2E5E-2BCD-40D4-B92D-7341D81DC5DD}.Debug|Any CPU.ActiveCfg = Debug|Any CPU
		{626A2E5E-2BCD-40D4-B92D-7341D81DC5DD}.Debug|Any CPU.Build.0 = Debug|Any CPU
		{626A2E5E-2BCD-40D4-B92D-7341D81DC5DD}.Release|Any CPU.ActiveCfg = Release|Any CPU
		{626A2E5E-2BCD-40D4-B92D-7341D81DC5DD}.Release|Any CPU.Build.0 = Release|Any CPU
		{BC06E0F2-F609-48D4-B143-99C4C6A26B6B}.Debug|Any CPU.ActiveCfg = Debug|Any CPU
		{BC06E0F2-F609-48D4-B143-99C4C6A26B6B}.Debug|Any CPU.Build.0 = Debug|Any CPU
		{BC06E0F2-F609-48D4-B143-99C4C6A26B6B}.Release|Any CPU.ActiveCfg = Release|Any CPU
		{BC06E0F2-F609-48D4-B143-99C4C6A26B6B}.Release|Any CPU.Build.0 = Release|Any CPU
		{75F2BF5E-8CB5-457E-B1BA-41DB42574389}.Debug|Any CPU.ActiveCfg = Debug|Any CPU
		{75F2BF5E-8CB5-457E-B1BA-41DB42574389}.Debug|Any CPU.Build.0 = Debug|Any CPU
		{75F2BF5E-8CB5-457E-B1BA-41DB42574389}.Release|Any CPU.ActiveCfg = Release|Any CPU
		{75F2BF5E-8CB5-457E-B1BA-41DB42574389}.Release|Any CPU.Build.0 = Release|Any CPU
		{39BB2E4D-077F-4799-AD67-D0286E6B5CEB}.Debug|Any CPU.ActiveCfg = Debug|Any CPU
		{39BB2E4D-077F-4799-AD67-D0286E6B5CEB}.Debug|Any CPU.Build.0 = Debug|Any CPU
		{39BB2E4D-077F-4799-AD67-D0286E6B5CEB}.Release|Any CPU.ActiveCfg = Release|Any CPU
		{39BB2E4D-077F-4799-AD67-D0286E6B5CEB}.Release|Any CPU.Build.0 = Release|Any CPU
	EndGlobalSection
	GlobalSection(SolutionProperties) = preSolution
		HideSolutionNode = FALSE
	EndGlobalSection
	GlobalSection(NestedProjects) = preSolution
		{B064CD1A-C979-47BB-9AE4-CA66D1F982F3} = {91A739B1-AD66-4590-92DE-B68827913C0D}
		{8DAD56D0-EBF4-4603-B5C9-BE9712C990F1} = {91A739B1-AD66-4590-92DE-B68827913C0D}
		{F2134F35-DF88-4046-A23C-958ACC8651E3} = {91A739B1-AD66-4590-92DE-B68827913C0D}
		{B96F3792-E66D-48CD-9752-7C2340D1C252} = {91A739B1-AD66-4590-92DE-B68827913C0D}
		{EA173971-12C8-457F-A4EE-888802576B68} = {91A739B1-AD66-4590-92DE-B68827913C0D}
		{069F9AC7-3EBE-4138-A6DD-270E163B28BC} = {91A739B1-AD66-4590-92DE-B68827913C0D}
		{35C610C5-29DC-4718-BF42-0F2F6A63FD1D} = {91A739B1-AD66-4590-92DE-B68827913C0D}
		{17AD692F-E596-4B5B-84A5-2C4E72FB56B4} = {91A739B1-AD66-4590-92DE-B68827913C0D}
		{0D88B501-10F0-4FB6-954A-49F4F87830CF} = {91A739B1-AD66-4590-92DE-B68827913C0D}
		{25522D6E-EFF5-41B6-AD4D-E9AF02487D3D} = {91A739B1-AD66-4590-92DE-B68827913C0D}
		{81D3CB01-A2A9-44AD-BF5E-F321F2724257} = {91A739B1-AD66-4590-92DE-B68827913C0D}
		{E5BFAA54-D601-4D84-8263-2FA99E35A993} = {91A739B1-AD66-4590-92DE-B68827913C0D}
		{626A2E5E-2BCD-40D4-B92D-7341D81DC5DD} = {91A739B1-AD66-4590-92DE-B68827913C0D}
		{BC06E0F2-F609-48D4-B143-99C4C6A26B6B} = {91A739B1-AD66-4590-92DE-B68827913C0D}
		{A8C1E20F-8E4C-45E7-B995-4725D047CF54} = {021E86AA-D3A1-4DEB-B5E4-1F19C3342B9A}
		{75F2BF5E-8CB5-457E-B1BA-41DB42574389} = {C96BDFFF-7873-46A3-8C65-92F1844DAD1F}
		{39BB2E4D-077F-4799-AD67-D0286E6B5CEB} = {C96BDFFF-7873-46A3-8C65-92F1844DAD1F}
	EndGlobalSection
	GlobalSection(ExtensibilityGlobals) = postSolution
		SolutionGuid = {0C85848C-FD16-43CC-B379-C24D79AA348C}
	EndGlobalSection
EndGlobal
