
Microsoft Visual Studio Solution File, Format Version 12.00
# Visual Studio Version 16
VisualStudioVersion = 16.0.30717.126
MinimumVisualStudioVersion = 10.0.40219.1
Project("{9A19103F-16F7-4668-BE54-9A1E7A4F7556}") = "Day1", "Day1\Day1.csproj", "{8DAD56D0-EBF4-4603-B5C9-BE9712C990F1}"
EndProject
Project("{2150E333-8FDC-42A3-9474-1A3956D46DE8}") = "Solution Items", "Solution Items", "{3794895D-EC8E-4DB3-BFF5-C0B367096B29}"
	ProjectSection(SolutionItems) = preProject
		.editorconfig = .editorconfig
		Directory.Build.props = Directory.Build.props
	EndProjectSection
EndProject
Project("{9A19103F-16F7-4668-BE54-9A1E7A4F7556}") = "Shared", "Shared\Shared.csproj", "{B064CD1A-C979-47BB-9AE4-CA66D1F982F3}"
EndProject
Project("{FAE04EC0-301F-11D3-BF4B-00C04F79EFBC}") = "Day2", "Day2\Day2.csproj", "{F2134F35-DF88-4046-A23C-958ACC8651E3}"
EndProject
Project("{FAE04EC0-301F-11D3-BF4B-00C04F79EFBC}") = "Day3", "Day3\Day3.csproj", "{B96F3792-E66D-48CD-9752-7C2340D1C252}"
EndProject
Global
	GlobalSection(SolutionConfigurationPlatforms) = preSolution
		Debug|Any CPU = Debug|Any CPU
		Release|Any CPU = Release|Any CPU
	EndGlobalSection
	GlobalSection(ProjectConfigurationPlatforms) = postSolution
		{8DAD56D0-EBF4-4603-B5C9-BE9712C990F1}.Debug|Any CPU.ActiveCfg = Debug|Any CPU
		{8DAD56D0-EBF4-4603-B5C9-BE9712C990F1}.Debug|Any CPU.Build.0 = Debug|Any CPU
		{8DAD56D0-EBF4-4603-B5C9-BE9712C990F1}.Release|Any CPU.ActiveCfg = Release|Any CPU
		{8DAD56D0-EBF4-4603-B5C9-BE9712C990F1}.Release|Any CPU.Build.0 = Release|Any CPU
		{B064CD1A-C979-47BB-9AE4-CA66D1F982F3}.Debug|Any CPU.ActiveCfg = Debug|Any CPU
		{B064CD1A-C979-47BB-9AE4-CA66D1F982F3}.Debug|Any CPU.Build.0 = Debug|Any CPU
		{B064CD1A-C979-47BB-9AE4-CA66D1F982F3}.Release|Any CPU.ActiveCfg = Release|Any CPU
		{B064CD1A-C979-47BB-9AE4-CA66D1F982F3}.Release|Any CPU.Build.0 = Release|Any CPU
		{F2134F35-DF88-4046-A23C-958ACC8651E3}.Debug|Any CPU.ActiveCfg = Debug|Any CPU
		{F2134F35-DF88-4046-A23C-958ACC8651E3}.Debug|Any CPU.Build.0 = Debug|Any CPU
		{F2134F35-DF88-4046-A23C-958ACC8651E3}.Release|Any CPU.ActiveCfg = Release|Any CPU
		{F2134F35-DF88-4046-A23C-958ACC8651E3}.Release|Any CPU.Build.0 = Release|Any CPU
		{B96F3792-E66D-48CD-9752-7C2340D1C252}.Debug|Any CPU.ActiveCfg = Debug|Any CPU
		{B96F3792-E66D-48CD-9752-7C2340D1C252}.Debug|Any CPU.Build.0 = Debug|Any CPU
		{B96F3792-E66D-48CD-9752-7C2340D1C252}.Release|Any CPU.ActiveCfg = Release|Any CPU
		{B96F3792-E66D-48CD-9752-7C2340D1C252}.Release|Any CPU.Build.0 = Release|Any CPU
	EndGlobalSection
	GlobalSection(SolutionProperties) = preSolution
		HideSolutionNode = FALSE
	EndGlobalSection
	GlobalSection(ExtensibilityGlobals) = postSolution
		SolutionGuid = {0C85848C-FD16-43CC-B379-C24D79AA348C}
	EndGlobalSection
EndGlobal
